
Microsoft Visual Studio Solution File, Format Version 12.00
# Visual Studio Version 17
VisualStudioVersion = 17.11.35312.102
MinimumVisualStudioVersion = 10.0.40219.1
Project("{FAE04EC0-301F-11D3-BF4B-00C04F79EFBC}") = "IdentityandDataProtection", "IdentityandDataProtection\IdentityandDataProtection.csproj", "{5A569BFB-188E-4800-B670-49AD6FE05299}"
EndProject
Global
	GlobalSection(SolutionConfigurationPlatforms) = preSolution
		Debug|Any CPU = Debug|Any CPU
		Release|Any CPU = Release|Any CPU
	EndGlobalSection
	GlobalSection(ProjectConfigurationPlatforms) = postSolution
		{5A569BFB-188E-4800-B670-49AD6FE05299}.Debug|Any CPU.ActiveCfg = Debug|Any CPU
		{5A569BFB-188E-4800-B670-49AD6FE05299}.Debug|Any CPU.Build.0 = Debug|Any CPU
		{5A569BFB-188E-4800-B670-49AD6FE05299}.Release|Any CPU.ActiveCfg = Release|Any CPU
		{5A569BFB-188E-4800-B670-49AD6FE05299}.Release|Any CPU.Build.0 = Release|Any CPU
	EndGlobalSection
	GlobalSection(SolutionProperties) = preSolution
		HideSolutionNode = FALSE
	EndGlobalSection
	GlobalSection(ExtensibilityGlobals) = postSolution
		SolutionGuid = {D5D3C4CE-3D08-4355-8277-FC53AD722737}
	EndGlobalSection
EndGlobal
